<?xml version="1.0" encoding="utf-8"?>
<Project ToolsVersion="4.0" xmlns="http://schemas.microsoft.com/developer/msbuild/2003">
  <ItemGroup>
    <ClCompile Include="Render\Camera.cpp">
      <Filter>Render</Filter>
    </ClCompile>
    <ClCompile Include="Render\Render.cpp">
      <Filter>Render</Filter>
    </ClCompile>
    <ClCompile Include="callbacks.cpp">
      <Filter>before</Filter>
    </ClCompile>
    <ClCompile Include="main.cpp">
      <Filter>before</Filter>
    </ClCompile>
    <ClCompile Include="RenderUtils.cpp">
      <Filter>before</Filter>
    </ClCompile>
    <ClCompile Include="Particle.cpp">
      <Filter>practica 1</Filter>
    </ClCompile>
    <ClCompile Include="Projectile.cpp">
      <Filter>practica 1</Filter>
    </ClCompile>
    <ClCompile Include="Scene.cpp">
      <Filter>practica 1</Filter>
    </ClCompile>
    <ClCompile Include="Scene0.cpp">
      <Filter>practica 1</Filter>
    </ClCompile>
    <ClCompile Include="Entity.cpp">
      <Filter>practica 1</Filter>
    </ClCompile>
    <ClCompile Include="FireParticleSystem.cpp">
      <Filter>practica 2</Filter>
    </ClCompile>
    <ClCompile Include="NormalGenerator.cpp">
      <Filter>practica 2</Filter>
    </ClCompile>
    <ClCompile Include="ParticleSystem.cpp">
      <Filter>practica 2</Filter>
    </ClCompile>
    <ClCompile Include="RainParticleSystem.cpp">
      <Filter>practica 2</Filter>
    </ClCompile>
    <ClCompile Include="Scene1.cpp">
      <Filter>practica 2</Filter>
    </ClCompile>
    <ClCompile Include="Scene2.cpp">
      <Filter>practica 2</Filter>
    </ClCompile>
    <ClCompile Include="UniformGenerator.cpp">
      <Filter>practica 2</Filter>
    </ClCompile>
    <ClCompile Include="ForceRegistry.cpp">
      <Filter>practica 3</Filter>
    </ClCompile>
    <ClCompile Include="GravityForceGenerator.cpp">
      <Filter>practica 3</Filter>
    </ClCompile>
    <ClCompile Include="WindForceGenerator.cpp">
      <Filter>practica 3</Filter>
    </ClCompile>
    <ClCompile Include="SceneManager.cpp">
      <Filter>practica 3</Filter>
    </ClCompile>
    <ClCompile Include="Scene3.cpp">
      <Filter>practica 3</Filter>
    </ClCompile>
    <ClCompile Include="Scene4.cpp">
      <Filter>practica 3</Filter>
    </ClCompile>
    <ClCompile Include="WhirlwindForceGenerator.cpp">
      <Filter>practica 3</Filter>
    </ClCompile>
    <ClCompile Include="ProjectIntro.cpp">
      <Filter>Proyecto intermedio</Filter>
    </ClCompile>
    <ClCompile Include="ExplosionForceGenerator.cpp">
      <Filter>practica 3</Filter>
    </ClCompile>
    <ClCompile Include="ProjectScenario.cpp">
      <Filter>Proyecto intermedio</Filter>
    </ClCompile>
    <ClCompile Include="FireworkParticleSystem.cpp">
      <Filter>practica 2\ampliacion practica 2</Filter>
    </ClCompile>
    <ClCompile Include="Scene5.cpp">
      <Filter>practica 2\ampliacion practica 2</Filter>
    </ClCompile>
    <ClCompile Include="Character.cpp">
      <Filter>Proyecto intermedio</Filter>
    </ClCompile>
    <ClCompile Include="ProjectCharacterDemo.cpp">
      <Filter>Proyecto intermedio</Filter>
    </ClCompile>
    <ClCompile Include="SpringForceGenerator.cpp">
      <Filter>practica 4</Filter>
    </ClCompile>
    <ClCompile Include="AnchoredSpringForceGenerator.cpp">
      <Filter>practica 4</Filter>
    </ClCompile>
    <ClCompile Include="ForceGenerator.cpp">
      <Filter>practica 3</Filter>
    </ClCompile>
  </ItemGroup>
  <ItemGroup>
    <ClInclude Include="Render\Camera.h">
      <Filter>Render</Filter>
    </ClInclude>
    <ClInclude Include="Render\Render.h">
      <Filter>Render</Filter>
    </ClInclude>
    <ClInclude Include="callbacks.hpp">
      <Filter>before</Filter>
    </ClInclude>
    <ClInclude Include="core.hpp">
      <Filter>before</Filter>
    </ClInclude>
    <ClInclude Include="RenderUtils.hpp">
      <Filter>before</Filter>
    </ClInclude>
    <ClInclude Include="Particle.h">
      <Filter>practica 1</Filter>
    </ClInclude>
    <ClInclude Include="Projectile.h">
      <Filter>practica 1</Filter>
    </ClInclude>
    <ClInclude Include="Scene0.h">
      <Filter>practica 1</Filter>
    </ClInclude>
    <ClInclude Include="StructForEntities.h">
      <Filter>practica 1</Filter>
    </ClInclude>
    <ClInclude Include="Entity.h">
      <Filter>practica 1</Filter>
    </ClInclude>
    <ClInclude Include="FireParticleSystem.h">
      <Filter>practica 2</Filter>
    </ClInclude>
    <ClInclude Include="Generator.h">
      <Filter>practica 2</Filter>
    </ClInclude>
    <ClInclude Include="NormalGenerator.h">
      <Filter>practica 2</Filter>
    </ClInclude>
    <ClInclude Include="ParticleSystem.h">
      <Filter>practica 2</Filter>
    </ClInclude>
    <ClInclude Include="RainParticleSystem.h">
      <Filter>practica 2</Filter>
    </ClInclude>
    <ClInclude Include="Scene1.h">
      <Filter>practica 2</Filter>
    </ClInclude>
    <ClInclude Include="Scene2.h">
      <Filter>practica 2</Filter>
    </ClInclude>
    <ClInclude Include="UniformGenerator.h">
      <Filter>practica 2</Filter>
    </ClInclude>
    <ClInclude Include="ForceRegistry.h">
      <Filter>practica 3</Filter>
    </ClInclude>
    <ClInclude Include="ForceGenerator.h">
      <Filter>practica 3</Filter>
    </ClInclude>
    <ClInclude Include="GravityForceGenerator.h">
      <Filter>practica 3</Filter>
    </ClInclude>
    <ClInclude Include="WindForceGenerator.h">
      <Filter>practica 3</Filter>
    </ClInclude>
    <ClInclude Include="SceneManager.h">
      <Filter>practica 3</Filter>
    </ClInclude>
    <ClInclude Include="Scene3.h">
      <Filter>practica 3</Filter>
    </ClInclude>
    <ClInclude Include="Scene4.h">
      <Filter>practica 3</Filter>
    </ClInclude>
    <ClInclude Include="WhirlwindForceGenerator.h">
      <Filter>practica 3</Filter>
    </ClInclude>
    <ClInclude Include="Scene.h">
      <Filter>practica 1</Filter>
    </ClInclude>
    <ClInclude Include="ProjectIntro.h">
      <Filter>Proyecto intermedio</Filter>
    </ClInclude>
    <ClInclude Include="ExplosionForceGenerator.h">
      <Filter>practica 3</Filter>
    </ClInclude>
    <ClInclude Include="ProjectScenario.h">
      <Filter>Proyecto intermedio</Filter>
    </ClInclude>
    <ClInclude Include="FireworkParticleSystem.h">
      <Filter>practica 2\ampliacion practica 2</Filter>
    </ClInclude>
    <ClInclude Include="Scene5.h">
      <Filter>practica 2\ampliacion practica 2</Filter>
    </ClInclude>
    <ClInclude Include="Character.h">
      <Filter>Proyecto intermedio</Filter>
    </ClInclude>
    <ClInclude Include="ProjectCharacterDemo.h">
      <Filter>Proyecto intermedio</Filter>
    </ClInclude>
    <ClInclude Include="SpringForceGenerator.h">
      <Filter>practica 4</Filter>
    </ClInclude>
    <ClInclude Include="AnchoredSpringForceGenerator.h">
      <Filter>practica 4</Filter>
    </ClInclude>
  </ItemGroup>
  <ItemGroup>
    <Filter Include="Render">
      <UniqueIdentifier>{d04b4f9f-5a69-465e-8070-25c6d0bcd3c2}</UniqueIdentifier>
    </Filter>
    <Filter Include="before">
      <UniqueIdentifier>{1c49828f-83b8-4a6d-b6cf-ac7add1b19c2}</UniqueIdentifier>
    </Filter>
    <Filter Include="practica 1">
      <UniqueIdentifier>{4e877443-0452-4fc6-964d-7fda7e36c494}</UniqueIdentifier>
    </Filter>
    <Filter Include="practica 2">
      <UniqueIdentifier>{36676b3e-25c0-43ab-bb40-9d728c46ea90}</UniqueIdentifier>
    </Filter>
    <Filter Include="practica 3">
      <UniqueIdentifier>{d0cbfbef-6796-4f5c-b449-7c3e26beebe4}</UniqueIdentifier>
    </Filter>
    <Filter Include="Proyecto intermedio">
      <UniqueIdentifier>{117362be-bbe0-437e-b314-03ee9597d1c5}</UniqueIdentifier>
    </Filter>
    <Filter Include="practica 2\ampliacion practica 2">
      <UniqueIdentifier>{04d3c424-45a7-42bc-818c-eb8d09c0a226}</UniqueIdentifier>
    </Filter>
    <Filter Include="practica 4">
      <UniqueIdentifier>{bc29a107-96b2-49dd-b071-3d89ffe9300d}</UniqueIdentifier>
    </Filter>
  </ItemGroup>
</Project>